
Microsoft Visual Studio Solution File, Format Version 11.00
# Visual Studio 2010
Project("{FAE04EC0-301F-11D3-BF4B-00C04F79EFBC}") = "Ver.1", "Assembly-CSharp.csproj", "{DAA70EDE-A7B1-74CF-1A7B-9A2F24E8CBAB}"
EndProject
Global
	GlobalSection(SolutionConfigurationPlatforms) = preSolution
		Debug|Any CPU = Debug|Any CPU
		Release|Any CPU = Release|Any CPU
	EndGlobalSection
	GlobalSection(ProjectConfigurationPlatforms) = postSolution
		{DAA70EDE-A7B1-74CF-1A7B-9A2F24E8CBAB}.Debug|Any CPU.ActiveCfg = Debug|Any CPU
		{DAA70EDE-A7B1-74CF-1A7B-9A2F24E8CBAB}.Debug|Any CPU.Build.0 = Debug|Any CPU
		{DAA70EDE-A7B1-74CF-1A7B-9A2F24E8CBAB}.Release|Any CPU.ActiveCfg = Release|Any CPU
		{DAA70EDE-A7B1-74CF-1A7B-9A2F24E8CBAB}.Release|Any CPU.Build.0 = Release|Any CPU
	EndGlobalSection
	GlobalSection(SolutionProperties) = preSolution
		HideSolutionNode = FALSE
	EndGlobalSection
	GlobalSection(MonoDevelopProperties) = preSolution
		StartupItem = Assembly-CSharp.csproj
	EndGlobalSection
EndGlobal
