
Microsoft Visual Studio Solution File, Format Version 11.00
# Visual Studio 2010
Project("{FAE04EC0-301F-11D3-BF4B-00C04F79EFBC}") = "WortarBattleShip", "Assembly-CSharp.csproj", "{71450668-E9B1-5175-1C3D-3001A7FC5727}"
EndProject
Global
	GlobalSection(SolutionConfigurationPlatforms) = preSolution
		Debug|Any CPU = Debug|Any CPU
		Release|Any CPU = Release|Any CPU
	EndGlobalSection
	GlobalSection(ProjectConfigurationPlatforms) = postSolution
		{71450668-E9B1-5175-1C3D-3001A7FC5727}.Debug|Any CPU.ActiveCfg = Debug|Any CPU
		{71450668-E9B1-5175-1C3D-3001A7FC5727}.Debug|Any CPU.Build.0 = Debug|Any CPU
		{71450668-E9B1-5175-1C3D-3001A7FC5727}.Release|Any CPU.ActiveCfg = Release|Any CPU
		{71450668-E9B1-5175-1C3D-3001A7FC5727}.Release|Any CPU.Build.0 = Release|Any CPU
	EndGlobalSection
	GlobalSection(SolutionProperties) = preSolution
		HideSolutionNode = FALSE
	EndGlobalSection
	GlobalSection(MonoDevelopProperties) = preSolution
		StartupItem = Assembly-CSharp.csproj
	EndGlobalSection
EndGlobal
